# This file is automatically @generated by Poetry 1.7.1 and should not be changed by hand.

[[package]]
name = "colorama"
version = "0.4.6"
description = "Cross-platform colored terminal text."
optional = false
python-versions = "!=3.0.*,!=3.1.*,!=3.2.*,!=3.3.*,!=3.4.*,!=3.5.*,!=3.6.*,>=2.7"
files = [
    {file = "colorama-0.4.6-py2.py3-none-any.whl", hash = "sha256:4f1d9991f5acc0ca119f9d443620b77f9d6b33703e51011c16baf57afb285fc6"},
    {file = "colorama-0.4.6.tar.gz", hash = "sha256:08695f5cb7ed6e0531a20572697297273c47b8cae5a63ffc6d6ed5c201be6e44"},
]

[[package]]
name = "pywin32"
version = "309"
description = "Python for Window Extensions"
optional = false
python-versions = "*"
files = [
    {file = "pywin32-309-cp310-cp310-win32.whl", hash = "sha256:5b78d98550ca093a6fe7ab6d71733fbc886e2af9d4876d935e7f6e1cd6577ac9"},
    {file = "pywin32-309-cp310-cp310-win_amd64.whl", hash = "sha256:728d08046f3d65b90d4c77f71b6fbb551699e2005cc31bbffd1febd6a08aa698"},
    {file = "pywin32-309-cp310-cp310-win_arm64.whl", hash = "sha256:c667bcc0a1e6acaca8984eb3e2b6e42696fc035015f99ff8bc6c3db4c09a466a"},
    {file = "pywin32-309-cp311-cp311-win32.whl", hash = "sha256:d5df6faa32b868baf9ade7c9b25337fa5eced28eb1ab89082c8dae9c48e4cd51"},
    {file = "pywin32-309-cp311-cp311-win_amd64.whl", hash = "sha256:e7ec2cef6df0926f8a89fd64959eba591a1eeaf0258082065f7bdbe2121228db"},
    {file = "pywin32-309-cp311-cp311-win_arm64.whl", hash = "sha256:54ee296f6d11db1627216e9b4d4c3231856ed2d9f194c82f26c6cb5650163f4c"},
    {file = "pywin32-309-cp312-cp312-win32.whl", hash = "sha256:de9acacced5fa82f557298b1fed5fef7bd49beee04190f68e1e4783fbdc19926"},
    {file = "pywin32-309-cp312-cp312-win_amd64.whl", hash = "sha256:6ff9eebb77ffc3d59812c68db33c0a7817e1337e3537859499bd27586330fc9e"},
    {file = "pywin32-309-cp312-cp312-win_arm64.whl", hash = "sha256:619f3e0a327b5418d833f44dc87859523635cf339f86071cc65a13c07be3110f"},
    {file = "pywin32-309-cp313-cp313-win32.whl", hash = "sha256:008bffd4afd6de8ca46c6486085414cc898263a21a63c7f860d54c9d02b45c8d"},
    {file = "pywin32-309-cp313-cp313-win_amd64.whl", hash = "sha256:bd0724f58492db4cbfbeb1fcd606495205aa119370c0ddc4f70e5771a3ab768d"},
    {file = "pywin32-309-cp313-cp313-win_arm64.whl", hash = "sha256:8fd9669cfd41863b688a1bc9b1d4d2d76fd4ba2128be50a70b0ea66b8d37953b"},
    {file = "pywin32-309-cp38-cp38-win32.whl", hash = "sha256:617b837dc5d9dfa7e156dbfa7d3906c009a2881849a80a9ae7519f3dd8c6cb86"},
    {file = "pywin32-309-cp38-cp38-win_amd64.whl", hash = "sha256:0be3071f555480fbfd86a816a1a773880ee655bf186aa2931860dbb44e8424f8"},
    {file = "pywin32-309-cp39-cp39-win32.whl", hash = "sha256:72ae9ae3a7a6473223589a1621f9001fe802d59ed227fd6a8503c9af67c1d5f4"},
    {file = "pywin32-309-cp39-cp39-win_amd64.whl", hash = "sha256:88bc06d6a9feac70783de64089324568ecbc65866e2ab318eab35da3811fd7ef"},
]

[[package]]
name = "tqdm"
version = "4.67.1"
description = "Fast, Extensible Progress Meter"
optional = false
python-versions = ">=3.7"
files = [
    {file = "tqdm-4.67.1-py3-none-any.whl", hash = "sha256:26445eca388f82e72884e0d580d5464cd801a3ea01e63e5601bdff9ba6a48de2"},
    {file = "tqdm-4.67.1.tar.gz", hash = "sha256:f8aef9c52c08c13a65f30ea34f4e5aac3fd1a34959879d7e59e63027286627f2"},
]

[package.dependencies]
colorama = {version = "*", markers = "platform_system == \"Windows\""}

[package.extras]
dev = ["nbval", "pytest (>=6)", "pytest-asyncio (>=0.24)", "pytest-cov", "pytest-timeout"]
discord = ["requests"]
notebook = ["ipywidgets (>=6)"]
slack = ["slack-sdk"]
telegram = ["requests"]

[metadata]
lock-version = "2.0"
python-versions = "^3.11"
content-hash = "b621225bcb6b07cd1a14bd2a2e475f6641dc1683df32bd8b7d1075106240d893"
